
Microsoft Visual Studio Solution File, Format Version 12.00
# Visual Studio Version 17
VisualStudioVersion = 17.11.35303.130
MinimumVisualStudioVersion = 10.0.40219.1
Project("{FAE04EC0-301F-11D3-BF4B-00C04F79EFBC}") = "Oopsies", "Oopsies\Oopsies.csproj", "{895B54DF-0355-41F6-8AA8-35EBC0B062EC}"
EndProject
Global
	GlobalSection(SolutionConfigurationPlatforms) = preSolution
		Debug|Any CPU = Debug|Any CPU
		Release|Any CPU = Release|Any CPU
	EndGlobalSection
	GlobalSection(ProjectConfigurationPlatforms) = postSolution
		{895B54DF-0355-41F6-8AA8-35EBC0B062EC}.Debug|Any CPU.ActiveCfg = Debug|Any CPU
		{895B54DF-0355-41F6-8AA8-35EBC0B062EC}.Debug|Any CPU.Build.0 = Debug|Any CPU
		{895B54DF-0355-41F6-8AA8-35EBC0B062EC}.Release|Any CPU.ActiveCfg = Release|Any CPU
		{895B54DF-0355-41F6-8AA8-35EBC0B062EC}.Release|Any CPU.Build.0 = Release|Any CPU
	EndGlobalSection
	GlobalSection(SolutionProperties) = preSolution
		HideSolutionNode = FALSE
	EndGlobalSection
	GlobalSection(ExtensibilityGlobals) = postSolution
		SolutionGuid = {E4ADEACA-D4A4-4FB6-AEB3-6A29FD018142}
	EndGlobalSection
EndGlobal
